{
  "originHash" : "8bb643ccf1dfd46c895ca32d874fc3831a8154f5910981869ffdab4e3cd3b4c7",
  "pins" : [
    {
      "identity" : "lottie-ios",
      "kind" : "remoteSourceControl",
      "location" : "https://github.com/airbnb/lottie-ios",
      "state" : {
        "revision" : "0cb03fd7564d27345bcd96144b811e56212949c6",
        "version" : "4.6.0"
      }
    },
    {
      "identity" : "superscript-ios",
      "kind" : "remoteSourceControl",
      "location" : "https://github.com/superwall/Superscript-iOS",
      "state" : {
        "revision" : "711866edcb62dbd237c24ed3e5fa39fad0db639f",
        "version" : "1.0.13"
      }
    },
    {
      "identity" : "superwall-ios",
      "kind" : "remoteSourceControl",
      "location" : "https://github.com/superwall/Superwall-iOS",
      "state" : {
        "revision" : "ac82d24020f055cbcceaae559b0f7f288be77889",
        "version" : "4.15.0"
      }
    }
  ],
  "version" : 3
}
